
Microsoft Visual Studio Solution File, Format Version 12.00
# Visual Studio Version 17
VisualStudioVersion = 17.7.34221.43
MinimumVisualStudioVersion = 10.0.40219.1
Project("{FAE04EC0-301F-11D3-BF4B-00C04F79EFBC}") = "ViveroPrado", "ViveroPrado\ViveroPrado.csproj", "{097710C7-79A3-4C98-AB11-E3E9D7D74C4B}"
EndProject
Project("{FAE04EC0-301F-11D3-BF4B-00C04F79EFBC}") = "ContenedorDB", "ContenedorDB\ContenedorDB.csproj", "{0C3BC85C-CFFE-4F22-A8AF-D458A0914645}"
EndProject
Global
	GlobalSection(SolutionConfigurationPlatforms) = preSolution
		Debug|Any CPU = Debug|Any CPU
		Release|Any CPU = Release|Any CPU
	EndGlobalSection
	GlobalSection(ProjectConfigurationPlatforms) = postSolution
		{097710C7-79A3-4C98-AB11-E3E9D7D74C4B}.Debug|Any CPU.ActiveCfg = Debug|Any CPU
		{097710C7-79A3-4C98-AB11-E3E9D7D74C4B}.Debug|Any CPU.Build.0 = Debug|Any CPU
		{097710C7-79A3-4C98-AB11-E3E9D7D74C4B}.Release|Any CPU.ActiveCfg = Release|Any CPU
		{097710C7-79A3-4C98-AB11-E3E9D7D74C4B}.Release|Any CPU.Build.0 = Release|Any CPU
		{0C3BC85C-CFFE-4F22-A8AF-D458A0914645}.Debug|Any CPU.ActiveCfg = Debug|Any CPU
		{0C3BC85C-CFFE-4F22-A8AF-D458A0914645}.Debug|Any CPU.Build.0 = Debug|Any CPU
		{0C3BC85C-CFFE-4F22-A8AF-D458A0914645}.Release|Any CPU.ActiveCfg = Release|Any CPU
		{0C3BC85C-CFFE-4F22-A8AF-D458A0914645}.Release|Any CPU.Build.0 = Release|Any CPU
	EndGlobalSection
	GlobalSection(SolutionProperties) = preSolution
		HideSolutionNode = FALSE
	EndGlobalSection
	GlobalSection(ExtensibilityGlobals) = postSolution
		SolutionGuid = {E9856BE8-2913-4E7E-9C7B-BE714BB26462}
	EndGlobalSection
EndGlobal
